
Microsoft Visual Studio Solution File, Format Version 12.00
# Visual Studio 15
VisualStudioVersion = 15.0.28307.1145
MinimumVisualStudioVersion = 10.0.40219.1
Project("{9A19103F-16F7-4668-BE54-9A1E7A4F7556}") = "Examen2", "Examen2\Examen2.csproj", "{5711116F-9980-4768-AF58-8620681B4797}"
EndProject
Project("{FAE04EC0-301F-11D3-BF4B-00C04F79EFBC}") = "Examen2Tests", "Examen2Tests\Examen2Tests.csproj", "{9288C48A-09B6-4193-9141-58DA2100196D}"
EndProject
Global
	GlobalSection(SolutionConfigurationPlatforms) = preSolution
		Debug|Any CPU = Debug|Any CPU
		Release|Any CPU = Release|Any CPU
	EndGlobalSection
	GlobalSection(ProjectConfigurationPlatforms) = postSolution
		{5711116F-9980-4768-AF58-8620681B4797}.Debug|Any CPU.ActiveCfg = Debug|Any CPU
		{5711116F-9980-4768-AF58-8620681B4797}.Debug|Any CPU.Build.0 = Debug|Any CPU
		{5711116F-9980-4768-AF58-8620681B4797}.Release|Any CPU.ActiveCfg = Release|Any CPU
		{5711116F-9980-4768-AF58-8620681B4797}.Release|Any CPU.Build.0 = Release|Any CPU
		{9288C48A-09B6-4193-9141-58DA2100196D}.Debug|Any CPU.ActiveCfg = Debug|Any CPU
		{9288C48A-09B6-4193-9141-58DA2100196D}.Debug|Any CPU.Build.0 = Debug|Any CPU
		{9288C48A-09B6-4193-9141-58DA2100196D}.Release|Any CPU.ActiveCfg = Release|Any CPU
		{9288C48A-09B6-4193-9141-58DA2100196D}.Release|Any CPU.Build.0 = Release|Any CPU
	EndGlobalSection
	GlobalSection(SolutionProperties) = preSolution
		HideSolutionNode = FALSE
	EndGlobalSection
	GlobalSection(ExtensibilityGlobals) = postSolution
		SolutionGuid = {42D9CD22-189D-408E-890C-0E1416FE2C0D}
	EndGlobalSection
EndGlobal
